
Microsoft Visual Studio Solution File, Format Version 12.00
# Visual Studio Version 17
VisualStudioVersion = 17.9.34607.119
MinimumVisualStudioVersion = 10.0.40219.1
Project("{FAE04EC0-301F-11D3-BF4B-00C04F79EFBC}") = "praktikum1", "praktikum1\praktikum1.csproj", "{1D823217-B8F1-4C16-BC8A-32EB4EDC47BC}"
EndProject
Global
	GlobalSection(SolutionConfigurationPlatforms) = preSolution
		Debug|Any CPU = Debug|Any CPU
		Release|Any CPU = Release|Any CPU
	EndGlobalSection
	GlobalSection(ProjectConfigurationPlatforms) = postSolution
		{1D823217-B8F1-4C16-BC8A-32EB4EDC47BC}.Debug|Any CPU.ActiveCfg = Debug|Any CPU
		{1D823217-B8F1-4C16-BC8A-32EB4EDC47BC}.Debug|Any CPU.Build.0 = Debug|Any CPU
		{1D823217-B8F1-4C16-BC8A-32EB4EDC47BC}.Release|Any CPU.ActiveCfg = Release|Any CPU
		{1D823217-B8F1-4C16-BC8A-32EB4EDC47BC}.Release|Any CPU.Build.0 = Release|Any CPU
	EndGlobalSection
	GlobalSection(SolutionProperties) = preSolution
		HideSolutionNode = FALSE
	EndGlobalSection
	GlobalSection(ExtensibilityGlobals) = postSolution
		SolutionGuid = {FE0B8E75-73E1-4EE6-A1F2-7E0F2A318B4D}
	EndGlobalSection
EndGlobal
